// !$*UTF8*$!
{
	archiveVersion = 1;
	classes = {
	};
	objectVersion = 46;
	objects = {

/* Begin PBXBuildFile section */
		28F783141D4932C5002E3787 /* AppDelegate.swift in Sources */ = {isa = PBXBuildFile; fileRef = 28F783131D4932C5002E3787 /* AppDelegate.swift */; };
		28F783161D4932C5002E3787 /* ViewController.swift in Sources */ = {isa = PBXBuildFile; fileRef = 28F783151D4932C5002E3787 /* ViewController.swift */; };
		28F783191D4932C5002E3787 /* Main.storyboard in Resources */ = {isa = PBXBuildFile; fileRef = 28F783171D4932C5002E3787 /* Main.storyboard */; };
		28F7831B1D4932C5002E3787 /* Assets.xcassets in Resources */ = {isa = PBXBuildFile; fileRef = 28F7831A1D4932C5002E3787 /* Assets.xcassets */; };
		28F7831E1D4932C5002E3787 /* LaunchScreen.storyboard in Resources */ = {isa = PBXBuildFile; fileRef = 28F7831C1D4932C5002E3787 /* LaunchScreen.storyboard */; };
		28F783291D4932C5002E3787 /* fmTests.swift in Sources */ = {isa = PBXBuildFile; fileRef = 28F783281D4932C5002E3787 /* fmTests.swift */; };
		28F783341D4932C5002E3787 /* fmUITests.swift in Sources */ = {isa = PBXBuildFile; fileRef = 28F783331D4932C5002E3787 /* fmUITests.swift */; };
		28F783451D494490002E3787 /* dm.mp3 in Resources */ = {isa = PBXBuildFile; fileRef = 28F783441D494490002E3787 /* dm.mp3 */; };
/* End PBXBuildFile section */

/* Begin PBXContainerItemProxy section */
		28F783251D4932C5002E3787 /* PBXContainerItemProxy */ = {
			isa = PBXContainerItemProxy;
			containerPortal = 28F783081D4932C5002E3787 /* Project object */;
			proxyType = 1;
			remoteGlobalIDString = 28F7830F1D4932C5002E3787;
			remoteInfo = fm;
		};
		28F783301D4932C5002E3787 /* PBXContainerItemProxy */ = {
			isa = PBXContainerItemProxy;
			containerPortal = 28F783081D4932C5002E3787 /* Project object */;
			proxyType = 1;
			remoteGlobalIDString = 28F7830F1D4932C5002E3787;
			remoteInfo = fm;
		};
/* End PBXContainerItemProxy section */

/* Begin PBXFileReference section */
		28F783101D4932C5002E3787 /* fm.app */ = {isa = PBXFileReference; explicitFileType = wrapper.application; includeInIndex = 0; path = fm.app; sourceTree = BUILT_PRODUCTS_DIR; };
		28F783131D4932C5002E3787 /* AppDelegate.swift */ = {isa = PBXFileReference; lastKnownFileType = sourcecode.swift; path = AppDelegate.swift; sourceTree = "<group>"; };
		28F783151D4932C5002E3787 /* ViewController.swift */ = {isa = PBXFileReference; lastKnownFileType = sourcecode.swift; path = ViewController.swift; sourceTree = "<group>"; };
		28F783181D4932C5002E3787 /* Base */ = {isa = PBXFileReference; lastKnownFileType = file.storyboard; name = Base; path = Base.lproj/Main.storyboard; sourceTree = "<group>"; };
		28F7831A1D4932C5002E3787 /* Assets.xcassets */ = {isa = PBXFileReference; lastKnownFileType = folder.assetcatalog; path = Assets.xcassets; sourceTree = "<group>"; };
		28F7831D1D4932C5002E3787 /* Base */ = {isa = PBXFileReference; lastKnownFileType = file.storyboard; name = Base; path = Base.lproj/LaunchScreen.storyboard; sourceTree = "<group>"; };
		28F7831F1D4932C5002E3787 /* Info.plist */ = {isa = PBXFileReference; lastKnownFileType = text.plist.xml; path = Info.plist; sourceTree = "<group>"; };
		28F783241D4932C5002E3787 /* fmTests.xctest */ = {isa = PBXFileReference; explicitFileType = wrapper.cfbundle; includeInIndex = 0; path = fmTests.xctest; sourceTree = BUILT_PRODUCTS_DIR; };
		28F783281D4932C5002E3787 /* fmTests.swift */ = {isa = PBXFileReference; lastKnownFileType = sourcecode.swift; path = fmTests.swift; sourceTree = "<group>"; };
		28F7832A1D4932C5002E3787 /* Info.plist */ = {isa = PBXFileReference; lastKnownFileType = text.plist.xml; path = Info.plist; sourceTree = "<group>"; };
		28F7832F1D4932C5002E3787 /* fmUITests.xctest */ = {isa = PBXFileReference; explicitFileType = wrapper.cfbundle; includeInIndex = 0; path = fmUITests.xctest; sourceTree = BUILT_PRODUCTS_DIR; };
		28F783331D4932C5002E3787 /* fmUITests.swift */ = {isa = PBXFileReference; lastKnownFileType = sourcecode.swift; path = fmUITests.swift; sourceTree = "<group>"; };
		28F783351D4932C5002E3787 /* Info.plist */ = {isa = PBXFileReference; lastKnownFileType = text.plist.xml; path = Info.plist; sourceTree = "<group>"; };
		28F783441D494490002E3787 /* dm.mp3 */ = {isa = PBXFileReference; lastKnownFileType = audio.mp3; path = dm.mp3; sourceTree = "<group>"; };
/* End PBXFileReference section */

/* Begin PBXFrameworksBuildPhase section */
		28F7830D1D4932C5002E3787 /* Frameworks */ = {
			isa = PBXFrameworksBuildPhase;
			buildActionMask = 2147483647;
			files = (
			);
			runOnlyForDeploymentPostprocessing = 0;
		};
		28F783211D4932C5002E3787 /* Frameworks */ = {
			isa = PBXFrameworksBuildPhase;
			buildActionMask = 2147483647;
			files = (
			);
			runOnlyForDeploymentPostprocessing = 0;
		};
		28F7832C1D4932C5002E3787 /* Frameworks */ = {
			isa = PBXFrameworksBuildPhase;
			buildActionMask = 2147483647;
			files = (
			);
			runOnlyForDeploymentPostprocessing = 0;
		};
/* End PBXFrameworksBuildPhase section */

/* Begin PBXGroup section */
		28F783071D4932C5002E3787 = {
			isa = PBXGroup;
			children = (
				28F783441D494490002E3787 /* dm.mp3 */,
				28F783121D4932C5002E3787 /* fm */,
				28F783271D4932C5002E3787 /* fmTests */,
				28F783321D4932C5002E3787 /* fmUITests */,
				28F783111D4932C5002E3787 /* Products */,
			);
			sourceTree = "<group>";
		};
		28F783111D4932C5002E3787 /* Products */ = {
			isa = PBXGroup;
			children = (
				28F783101D4932C5002E3787 /* fm.app */,
				28F783241D4932C5002E3787 /* fmTests.xctest */,
				28F7832F1D4932C5002E3787 /* fmUITests.xctest */,
			);
			name = Products;
			sourceTree = "<group>";
		};
		28F783121D4932C5002E3787 /* fm */ = {
			isa = PBXGroup;
			children = (
				28F783131D4932C5002E3787 /* AppDelegate.swift */,
				28F783151D4932C5002E3787 /* ViewController.swift */,
				28F783171D4932C5002E3787 /* Main.storyboard */,
				28F7831A1D4932C5002E3787 /* Assets.xcassets */,
				28F7831C1D4932C5002E3787 /* LaunchScreen.storyboard */,
				28F7831F1D4932C5002E3787 /* Info.plist */,
			);
			path = fm;
			sourceTree = "<group>";
		};
		28F783271D4932C5002E3787 /* fmTests */ = {
			isa = PBXGroup;
			children = (
				28F783281D4932C5002E3787 /* fmTests.swift */,
				28F7832A1D4932C5002E3787 /* Info.plist */,
			);
			path = fmTests;
			sourceTree = "<group>";
		};
		28F783321D4932C5002E3787 /* fmUITests */ = {
			isa = PBXGroup;
			children = (
				28F783331D4932C5002E3787 /* fmUITests.swift */,
				28F783351D4932C5002E3787 /* Info.plist */,
			);
			path = fmUITests;
			sourceTree = "<group>";
		};
/* End PBXGroup section */

/* Begin PBXNativeTarget section */
		28F7830F1D4932C5002E3787 /* fm */ = {
			isa = PBXNativeTarget;
			buildConfigurationList = 28F783381D4932C5002E3787 /* Build configuration list for PBXNativeTarget "fm" */;
			buildPhases = (
				28F7830C1D4932C5002E3787 /* Sources */,
				28F7830D1D4932C5002E3787 /* Frameworks */,
				28F7830E1D4932C5002E3787 /* Resources */,
			);
			buildRules = (
			);
			dependencies = (
			);
			name = fm;
			productName = fm;
			productReference = 28F783101D4932C5002E3787 /* fm.app */;
			productType = "com.apple.product-type.application";
		};
		28F783231D4932C5002E3787 /* fmTests */ = {
			isa = PBXNativeTarget;
			buildConfigurationList = 28F7833B1D4932C5002E3787 /* Build configuration list for PBXNativeTarget "fmTests" */;
			buildPhases = (
				28F783201D4932C5002E3787 /* Sources */,
				28F783211D4932C5002E3787 /* Frameworks */,
				28F783221D4932C5002E3787 /* Resources */,
			);
			buildRules = (
			);
			dependencies = (
				28F783261D4932C5002E3787 /* PBXTargetDependency */,
			);
			name = fmTests;
			productName = fmTests;
			productReference = 28F783241D4932C5002E3787 /* fmTests.xctest */;
			productType = "com.apple.product-type.bundle.unit-test";
		};
		28F7832E1D4932C5002E3787 /* fmUITests */ = {
			isa = PBXNativeTarget;
			buildConfigurationList = 28F7833E1D4932C5002E3787 /* Build configuration list for PBXNativeTarget "fmUITests" */;
			buildPhases = (
				28F7832B1D4932C5002E3787 /* Sources */,
				28F7832C1D4932C5002E3787 /* Frameworks */,
				28F7832D1D4932C5002E3787 /* Resources */,
			);
			buildRules = (
			);
			dependencies = (
				28F783311D4932C5002E3787 /* PBXTargetDependency */,
			);
			name = fmUITests;
			productName = fmUITests;
			productReference = 28F7832F1D4932C5002E3787 /* fmUITests.xctest */;
			productType = "com.apple.product-type.bundle.ui-testing";
		};
/* End PBXNativeTarget section */

/* Begin PBXProject section */
		28F783081D4932C5002E3787 /* Project object */ = {
			isa = PBXProject;
			attributes = {
				LastSwiftUpdateCheck = 0730;
				LastUpgradeCheck = 0730;
				ORGANIZATIONNAME = Cogons;
				TargetAttributes = {
					28F7830F1D4932C5002E3787 = {
						CreatedOnToolsVersion = 7.3.1;
					};
					28F783231D4932C5002E3787 = {
						CreatedOnToolsVersion = 7.3.1;
						TestTargetID = 28F7830F1D4932C5002E3787;
					};
					28F7832E1D4932C5002E3787 = {
						CreatedOnToolsVersion = 7.3.1;
						TestTargetID = 28F7830F1D4932C5002E3787;
					};
				};
			};
			buildConfigurationList = 28F7830B1D4932C5002E3787 /* Build configuration list for PBXProject "fm" */;
			compatibilityVersion = "Xcode 3.2";
			developmentRegion = English;
			hasScannedForEncodings = 0;
			knownRegions = (
				en,
				Base,
			);
			mainGroup = 28F783071D4932C5002E3787;
			productRefGroup = 28F783111D4932C5002E3787 /* Products */;
			projectDirPath = "";
			projectRoot = "";
			targets = (
				28F7830F1D4932C5002E3787 /* fm */,
				28F783231D4932C5002E3787 /* fmTests */,
				28F7832E1D4932C5002E3787 /* fmUITests */,
			);
		};
/* End PBXProject section */

/* Begin PBXResourcesBuildPhase section */
		28F7830E1D4932C5002E3787 /* Resources */ = {
			isa = PBXResourcesBuildPhase;
			buildActionMask = 2147483647;
			files = (
				28F7831E1D4932C5002E3787 /* LaunchScreen.storyboard in Resources */,
				28F783451D494490002E3787 /* dm.mp3 in Resources */,
				28F7831B1D4932C5002E3787 /* Assets.xcassets in Resources */,
				28F783191D4932C5002E3787 /* Main.storyboard in Resources */,
			);
			runOnlyForDeploymentPostprocessing = 0;
		};
		28F783221D4932C5002E3787 /* Resources */ = {
			isa = PBXResourcesBuildPhase;
			buildActionMask = 2147483647;
			files = (
			);
			runOnlyForDeploymentPostprocessing = 0;
		};
		28F7832D1D4932C5002E3787 /* Resources */ = {
			isa = PBXResourcesBuildPhase;
			buildActionMask = 2147483647;
			files = (
			);
			runOnlyForDeploymentPostprocessing = 0;
		};
/* End PBXResourcesBuildPhase section */

/* Begin PBXSourcesBuildPhase section */
		28F7830C1D4932C5002E3787 /* Sources */ = {
			isa = PBXSourcesBuildPhase;
			buildActionMask = 2147483647;
			files = (
				28F783161D4932C5002E3787 /* ViewController.swift in Sources */,
				28F783141D4932C5002E3787 /* AppDelegate.swift in Sources */,
			);
			runOnlyForDeploymentPostprocessing = 0;
		};
		28F783201D4932C5002E3787 /* Sources */ = {
			isa = PBXSourcesBuildPhase;
			buildActionMask = 2147483647;
			files = (
				28F783291D4932C5002E3787 /* fmTests.swift in Sources */,
			);
			runOnlyForDeploymentPostprocessing = 0;
		};
		28F7832B1D4932C5002E3787 /* Sources */ = {
			isa = PBXSourcesBuildPhase;
			buildActionMask = 2147483647;
			files = (
				28F783341D4932C5002E3787 /* fmUITests.swift in Sources */,
			);
			runOnlyForDeploymentPostprocessing = 0;
		};
/* End PBXSourcesBuildPhase section */

/* Begin PBXTargetDependency section */
		28F783261D4932C5002E3787 /* PBXTargetDependency */ = {
			isa = PBXTargetDependency;
			target = 28F7830F1D4932C5002E3787 /* fm */;
			targetProxy = 28F783251D4932C5002E3787 /* PBXContainerItemProxy */;
		};
		28F783311D4932C5002E3787 /* PBXTargetDependency */ = {
			isa = PBXTargetDependency;
			target = 28F7830F1D4932C5002E3787 /* fm */;
			targetProxy = 28F783301D4932C5002E3787 /* PBXContainerItemProxy */;
		};
/* End PBXTargetDependency section */

/* Begin PBXVariantGroup section */
		28F783171D4932C5002E3787 /* Main.storyboard */ = {
			isa = PBXVariantGroup;
			children = (
				28F783181D4932C5002E3787 /* Base */,
			);
			name = Main.storyboard;
			sourceTree = "<group>";
		};
		28F7831C1D4932C5002E3787 /* LaunchScreen.storyboard */ = {
			isa = PBXVariantGroup;
			children = (
				28F7831D1D4932C5002E3787 /* Base */,
			);
			name = LaunchScreen.storyboard;
			sourceTree = "<group>";
		};
/* End PBXVariantGroup section */

/* Begin XCBuildConfiguration section */
		28F783361D4932C5002E3787 /* Debug */ = {
			isa = XCBuildConfiguration;
			buildSettings = {
				ALWAYS_SEARCH_USER_PATHS = NO;
				CLANG_ANALYZER_NONNULL = YES;
				CLANG_CXX_LANGUAGE_STANDARD = "gnu++0x";
				CLANG_CXX_LIBRARY = "libc++";
				CLANG_ENABLE_MODULES = YES;
				CLANG_ENABLE_OBJC_ARC = YES;
				CLANG_WARN_BOOL_CONVERSION = YES;
				CLANG_WARN_CONSTANT_CONVERSION = YES;
				CLANG_WARN_DIRECT_OBJC_ISA_USAGE = YES_ERROR;
				CLANG_WARN_EMPTY_BODY = YES;
				CLANG_WARN_ENUM_CONVERSION = YES;
				CLANG_WARN_INT_CONVERSION = YES;
				CLANG_WARN_OBJC_ROOT_CLASS = YES_ERROR;
				CLANG_WARN_UNREACHABLE_CODE = YES;
				CLANG_WARN__DUPLICATE_METHOD_MATCH = YES;
				"CODE_SIGN_IDENTITY[sdk=iphoneos*]" = "iPhone Developer";
				COPY_PHASE_STRIP = NO;
				DEBUG_INFORMATION_FORMAT = dwarf;
				ENABLE_STRICT_OBJC_MSGSEND = YES;
				ENABLE_TESTABILITY = YES;
				GCC_C_LANGUAGE_STANDARD = gnu99;
				GCC_DYNAMIC_NO_PIC = NO;
				GCC_NO_COMMON_BLOCKS = YES;
				GCC_OPTIMIZATION_LEVEL = 0;
				GCC_PREPROCESSOR_DEFINITIONS = (
					"DEBUG=1",
					"$(inherited)",
				);
				GCC_WARN_64_TO_32_BIT_CONVERSION = YES;
				GCC_WARN_ABOUT_RETURN_TYPE = YES_ERROR;
				GCC_WARN_UNDECLARED_SELECTOR = YES;
				GCC_WARN_UNINITIALIZED_AUTOS = YES_AGGRESSIVE;
				GCC_WARN_UNUSED_FUNCTION = YES;
				GCC_WARN_UNUSED_VARIABLE = YES;
				IPHONEOS_DEPLOYMENT_TARGET = 9.3;
				MTL_ENABLE_DEBUG_INFO = YES;
				ONLY_ACTIVE_ARCH = YES;
				SDKROOT = iphoneos;
				SWIFT_OPTIMIZATION_LEVEL = "-Onone";
			};
			name = Debug;
		};
		28F783371D4932C5002E3787 /* Release */ = {
			isa = XCBuildConfiguration;
			buildSettings = {
				ALWAYS_SEARCH_USER_PATHS = NO;
				CLANG_ANALYZER_NONNULL = YES;
				CLANG_CXX_LANGUAGE_STANDARD = "gnu++0x";
				CLANG_CXX_LIBRARY = "libc++";
				CLANG_ENABLE_MODULES = YES;
				CLANG_ENABLE_OBJC_ARC = YES;
				CLANG_WARN_BOOL_CONVERSION = YES;
				CLANG_WARN_CONSTANT_CONVERSION = YES;
				CLANG_WARN_DIRECT_OBJC_ISA_USAGE = YES_ERROR;
				CLANG_WARN_EMPTY_BODY = YES;
				CLANG_WARN_ENUM_CONVERSION = YES;
				CLANG_WARN_INT_CONVERSION = YES;
				CLANG_WARN_OBJC_ROOT_CLASS = YES_ERROR;
				CLANG_WARN_UNREACHABLE_CODE = YES;
				CLANG_WARN__DUPLICATE_METHOD_MATCH = YES;
				"CODE_SIGN_IDENTITY[sdk=iphoneos*]" = "iPhone Developer";
				COPY_PHASE_STRIP = NO;
				DEBUG_INFORMATION_FORMAT = "dwarf-with-dsym";
				ENABLE_NS_ASSERTIONS = NO;
				ENABLE_STRICT_OBJC_MSGSEND = YES;
				GCC_C_LANGUAGE_STANDARD = gnu99;
				GCC_NO_COMMON_BLOCKS = YES;
				GCC_WARN_64_TO_32_BIT_CONVERSION = YES;
				GCC_WARN_ABOUT_RETURN_TYPE = YES_ERROR;
				GCC_WARN_UNDECLARED_SELECTOR = YES;
				GCC_WARN_UNINITIALIZED_AUTOS = YES_AGGRESSIVE;
				GCC_WARN_UNUSED_FUNCTION = YES;
				GCC_WARN_UNUSED_VARIABLE = YES;
				IPHONEOS_DEPLOYMENT_TARGET = 9.3;
				MTL_ENABLE_DEBUG_INFO = NO;
				SDKROOT = iphoneos;
				VALIDATE_PRODUCT = YES;
			};
			name = Release;
		};
		28F783391D4932C5002E3787 /* Debug */ = {
			isa = XCBuildConfiguration;
			buildSettings = {
				ASSETCATALOG_COMPILER_APPICON_NAME = AppIcon;
				INFOPLIST_FILE = fm/Info.plist;
				LD_RUNPATH_SEARCH_PATHS = "$(inherited) @executable_path/Frameworks";
				PRODUCT_BUNDLE_IDENTIFIER = Cogons.fm;
				PRODUCT_NAME = "$(TARGET_NAME)";
			};
			name = Debug;
		};
		28F7833A1D4932C5002E3787 /* Release */ = {
			isa = XCBuildConfiguration;
			buildSettings = {
				ASSETCATALOG_COMPILER_APPICON_NAME = AppIcon;
				INFOPLIST_FILE = fm/Info.plist;
				LD_RUNPATH_SEARCH_PATHS = "$(inherited) @executable_path/Frameworks";
				PRODUCT_BUNDLE_IDENTIFIER = Cogons.fm;
				PRODUCT_NAME = "$(TARGET_NAME)";
			};
			name = Release;
		};
		28F7833C1D4932C5002E3787 /* Debug */ = {
			isa = XCBuildConfiguration;
			buildSettings = {
				BUNDLE_LOADER = "$(TEST_HOST)";
				INFOPLIST_FILE = fmTests/Info.plist;
				LD_RUNPATH_SEARCH_PATHS = "$(inherited) @executable_path/Frameworks @loader_path/Frameworks";
				PRODUCT_BUNDLE_IDENTIFIER = Cogons.fmTests;
				PRODUCT_NAME = "$(TARGET_NAME)";
				TEST_HOST = "$(BUILT_PRODUCTS_DIR)/fm.app/fm";
			};
			name = Debug;
		};
		28F7833D1D4932C5002E3787 /* Release */ = {
			isa = XCBuildConfiguration;
			buildSettings = {
				BUNDLE_LOADER = "$(TEST_HOST)";
				INFOPLIST_FILE = fmTests/Info.plist;
				LD_RUNPATH_SEARCH_PATHS = "$(inherited) @executable_path/Frameworks @loader_path/Frameworks";
				PRODUCT_BUNDLE_IDENTIFIER = Cogons.fmTests;
				PRODUCT_NAME = "$(TARGET_NAME)";
				TEST_HOST = "$(BUILT_PRODUCTS_DIR)/fm.app/fm";
			};
			name = Release;
		};
		28F7833F1D4932C5002E3787 /* Debug */ = {
			isa = XCBuildConfiguration;
			buildSettings = {
				INFOPLIST_FILE = fmUITests/Info.plist;
				LD_RUNPATH_SEARCH_PATHS = "$(inherited) @executable_path/Frameworks @loader_path/Frameworks";
				PRODUCT_BUNDLE_IDENTIFIER = Cogons.fmUITests;
				PRODUCT_NAME = "$(TARGET_NAME)";
				TEST_TARGET_NAME = fm;
			};
			name = Debug;
		};
		28F783401D4932C5002E3787 /* Release */ = {
			isa = XCBuildConfiguration;
			buildSettings = {
				INFOPLIST_FILE = fmUITests/Info.plist;
				LD_RUNPATH_SEARCH_PATHS = "$(inherited) @executable_path/Frameworks @loader_path/Frameworks";
				PRODUCT_BUNDLE_IDENTIFIER = Cogons.fmUITests;
				PRODUCT_NAME = "$(TARGET_NAME)";
				TEST_TARGET_NAME = fm;
			};
			name = Release;
		};
/* End XCBuildConfiguration section */

/* Begin XCConfigurationList section */
		28F7830B1D4932C5002E3787 /* Build configuration list for PBXProject "fm" */ = {
			isa = XCConfigurationList;
			buildConfigurations = (
				28F783361D4932C5002E3787 /* Debug */,
				28F783371D4932C5002E3787 /* Release */,
			);
			defaultConfigurationIsVisible = 0;
			defaultConfigurationName = Release;
		};
		28F783381D4932C5002E3787 /* Build configuration list for PBXNativeTarget "fm" */ = {
			isa = XCConfigurationList;
			buildConfigurations = (
				28F783391D4932C5002E3787 /* Debug */,
				28F7833A1D4932C5002E3787 /* Release */,
			);
			defaultConfigurationIsVisible = 0;
			defaultConfigurationName = Release;
		};
		28F7833B1D4932C5002E3787 /* Build configuration list for PBXNativeTarget "fmTests" */ = {
			isa = XCConfigurationList;
			buildConfigurations = (
				28F7833C1D4932C5002E3787 /* Debug */,
				28F7833D1D4932C5002E3787 /* Release */,
			);
			defaultConfigurationIsVisible = 0;
			defaultConfigurationName = Release;
		};
		28F7833E1D4932C5002E3787 /* Build configuration list for PBXNativeTarget "fmUITests" */ = {
			isa = XCConfigurationList;
			buildConfigurations = (
				28F7833F1D4932C5002E3787 /* Debug */,
				28F783401D4932C5002E3787 /* Release */,
			);
			defaultConfigurationIsVisible = 0;
			defaultConfigurationName = Release;
		};
/* End XCConfigurationList section */
	};
	rootObject = 28F783081D4932C5002E3787 /* Project object */;
}
